
Microsoft Visual Studio Solution File, Format Version 12.00
# Visual Studio Version 17
VisualStudioVersion = 17.9.34728.123
MinimumVisualStudioVersion = 10.0.40219.1
Project("{FAE04EC0-301F-11D3-BF4B-00C04F79EFBC}") = "Connect Four Game", "Connect Four Game.csproj", "{7F623E17-A0D7-4D0E-BCDB-C541B9D28D74}"
EndProject
Global
	GlobalSection(SolutionConfigurationPlatforms) = preSolution
		Debug|Any CPU = Debug|Any CPU
		Release|Any CPU = Release|Any CPU
	EndGlobalSection
	GlobalSection(ProjectConfigurationPlatforms) = postSolution
		{7F623E17-A0D7-4D0E-BCDB-C541B9D28D74}.Debug|Any CPU.ActiveCfg = Debug|Any CPU
		{7F623E17-A0D7-4D0E-BCDB-C541B9D28D74}.Debug|Any CPU.Build.0 = Debug|Any CPU
		{7F623E17-A0D7-4D0E-BCDB-C541B9D28D74}.Release|Any CPU.ActiveCfg = Release|Any CPU
		{7F623E17-A0D7-4D0E-BCDB-C541B9D28D74}.Release|Any CPU.Build.0 = Release|Any CPU
	EndGlobalSection
	GlobalSection(SolutionProperties) = preSolution
		HideSolutionNode = FALSE
	EndGlobalSection
	GlobalSection(ExtensibilityGlobals) = postSolution
		SolutionGuid = {FBE6EA19-7ED9-46BA-A7E3-99E90F967572}
	EndGlobalSection
EndGlobal
